
Microsoft Visual Studio Solution File, Format Version 12.00
# Visual Studio 15
Project("{FAE04EC0-301F-11D3-BF4B-00C04F79EFBC}") = "Assembly-CSharp", "Assembly-CSharp.csproj", "{BAD12DCD-BA67-0684-93C6-A3FA071DFAC5}"
EndProject
Global
	GlobalSection(SolutionConfigurationPlatforms) = preSolution
		Debug|Any CPU = Debug|Any CPU
		Release|Any CPU = Release|Any CPU
	EndGlobalSection
	GlobalSection(ProjectConfigurationPlatforms) = postSolution
		{BAD12DCD-BA67-0684-93C6-A3FA071DFAC5}.Debug|Any CPU.ActiveCfg = Debug|Any CPU
		{BAD12DCD-BA67-0684-93C6-A3FA071DFAC5}.Debug|Any CPU.Build.0 = Debug|Any CPU
		{BAD12DCD-BA67-0684-93C6-A3FA071DFAC5}.Release|Any CPU.ActiveCfg = Release|Any CPU
		{BAD12DCD-BA67-0684-93C6-A3FA071DFAC5}.Release|Any CPU.Build.0 = Release|Any CPU
	EndGlobalSection
	GlobalSection(SolutionProperties) = preSolution
		HideSolutionNode = FALSE
	EndGlobalSection
EndGlobal
